// !$*UTF8*$!
{
	archiveVersion = 1;
	classes = {
	};
	objectVersion = 50;
	objects = {

/* Begin PBXBuildFile section */
		D231902C24B8DF5A0048B41D /* AppDelegate.swift in Sources */ = {isa = PBXBuildFile; fileRef = D231902B24B8DF5A0048B41D /* AppDelegate.swift */; };
		D231902E24B8DF5A0048B41D /* SceneDelegate.swift in Sources */ = {isa = PBXBuildFile; fileRef = D231902D24B8DF5A0048B41D /* SceneDelegate.swift */; };
		D231903024B8DF5A0048B41D /* ContentView.swift in Sources */ = {isa = PBXBuildFile; fileRef = D231902F24B8DF5A0048B41D /* ContentView.swift */; };
		D231903224B8DF5B0048B41D /* Assets.xcassets in Resources */ = {isa = PBXBuildFile; fileRef = D231903124B8DF5B0048B41D /* Assets.xcassets */; };
		D231903524B8DF5B0048B41D /* Preview Assets.xcassets in Resources */ = {isa = PBXBuildFile; fileRef = D231903424B8DF5B0048B41D /* Preview Assets.xcassets */; };
		D231903824B8DF5B0048B41D /* LaunchScreen.storyboard in Resources */ = {isa = PBXBuildFile; fileRef = D231903624B8DF5B0048B41D /* LaunchScreen.storyboard */; };
/* End PBXBuildFile section */

/* Begin PBXFileReference section */
		D231902824B8DF5A0048B41D /* Guess the Country.app */ = {isa = PBXFileReference; explicitFileType = wrapper.application; includeInIndex = 0; path = "Guess the Country.app"; sourceTree = BUILT_PRODUCTS_DIR; };
		D231902B24B8DF5A0048B41D /* AppDelegate.swift */ = {isa = PBXFileReference; lastKnownFileType = sourcecode.swift; path = AppDelegate.swift; sourceTree = "<group>"; };
		D231902D24B8DF5A0048B41D /* SceneDelegate.swift */ = {isa = PBXFileReference; lastKnownFileType = sourcecode.swift; path = SceneDelegate.swift; sourceTree = "<group>"; };
		D231902F24B8DF5A0048B41D /* ContentView.swift */ = {isa = PBXFileReference; lastKnownFileType = sourcecode.swift; path = ContentView.swift; sourceTree = "<group>"; };
		D231903124B8DF5B0048B41D /* Assets.xcassets */ = {isa = PBXFileReference; lastKnownFileType = folder.assetcatalog; path = Assets.xcassets; sourceTree = "<group>"; };
		D231903424B8DF5B0048B41D /* Preview Assets.xcassets */ = {isa = PBXFileReference; lastKnownFileType = folder.assetcatalog; path = "Preview Assets.xcassets"; sourceTree = "<group>"; };
		D231903724B8DF5B0048B41D /* Base */ = {isa = PBXFileReference; lastKnownFileType = file.storyboard; name = Base; path = Base.lproj/LaunchScreen.storyboard; sourceTree = "<group>"; };
		D231903924B8DF5B0048B41D /* Info.plist */ = {isa = PBXFileReference; lastKnownFileType = text.plist.xml; path = Info.plist; sourceTree = "<group>"; };
/* End PBXFileReference section */

/* Begin PBXFrameworksBuildPhase section */
		D231902524B8DF5A0048B41D /* Frameworks */ = {
			isa = PBXFrameworksBuildPhase;
			buildActionMask = 2147483647;
			files = (
			);
			runOnlyForDeploymentPostprocessing = 0;
		};
/* End PBXFrameworksBuildPhase section */

/* Begin PBXGroup section */
		D231901F24B8DF5A0048B41D = {
			isa = PBXGroup;
			children = (
				D231902A24B8DF5A0048B41D /* Guess the Country */,
				D231902924B8DF5A0048B41D /* Products */,
			);
			sourceTree = "<group>";
		};
		D231902924B8DF5A0048B41D /* Products */ = {
			isa = PBXGroup;
			children = (
				D231902824B8DF5A0048B41D /* Guess the Country.app */,
			);
			name = Products;
			sourceTree = "<group>";
		};
		D231902A24B8DF5A0048B41D /* Guess the Country */ = {
			isa = PBXGroup;
			children = (
				D231902B24B8DF5A0048B41D /* AppDelegate.swift */,
				D231902D24B8DF5A0048B41D /* SceneDelegate.swift */,
				D231902F24B8DF5A0048B41D /* ContentView.swift */,
				D231903124B8DF5B0048B41D /* Assets.xcassets */,
				D231903624B8DF5B0048B41D /* LaunchScreen.storyboard */,
				D231903924B8DF5B0048B41D /* Info.plist */,
				D231903324B8DF5B0048B41D /* Preview Content */,
			);
			path = "Guess the Country";
			sourceTree = "<group>";
		};
		D231903324B8DF5B0048B41D /* Preview Content */ = {
			isa = PBXGroup;
			children = (
				D231903424B8DF5B0048B41D /* Preview Assets.xcassets */,
			);
			path = "Preview Content";
			sourceTree = "<group>";
		};
/* End PBXGroup section */

/* Begin PBXNativeTarget section */
		D231902724B8DF5A0048B41D /* Guess the Country */ = {
			isa = PBXNativeTarget;
			buildConfigurationList = D231903C24B8DF5B0048B41D /* Build configuration list for PBXNativeTarget "Guess the Country" */;
			buildPhases = (
				D231902424B8DF5A0048B41D /* Sources */,
				D231902524B8DF5A0048B41D /* Frameworks */,
				D231902624B8DF5A0048B41D /* Resources */,
			);
			buildRules = (
			);
			dependencies = (
			);
			name = "Guess the Country";
			productName = "Guess the Country";
			productReference = D231902824B8DF5A0048B41D /* Guess the Country.app */;
			productType = "com.apple.product-type.application";
		};
/* End PBXNativeTarget section */

/* Begin PBXProject section */
		D231902024B8DF5A0048B41D /* Project object */ = {
			isa = PBXProject;
			attributes = {
				LastSwiftUpdateCheck = 1130;
				LastUpgradeCheck = 1130;
				ORGANIZATIONNAME = "Surya Chappidi";
				TargetAttributes = {
					D231902724B8DF5A0048B41D = {
						CreatedOnToolsVersion = 11.3.1;
					};
				};
			};
			buildConfigurationList = D231902324B8DF5A0048B41D /* Build configuration list for PBXProject "Guess the Country" */;
			compatibilityVersion = "Xcode 9.3";
			developmentRegion = en;
			hasScannedForEncodings = 0;
			knownRegions = (
				en,
				Base,
			);
			mainGroup = D231901F24B8DF5A0048B41D;
			productRefGroup = D231902924B8DF5A0048B41D /* Products */;
			projectDirPath = "";
			projectRoot = "";
			targets = (
				D231902724B8DF5A0048B41D /* Guess the Country */,
			);
		};
/* End PBXProject section */

/* Begin PBXResourcesBuildPhase section */
		D231902624B8DF5A0048B41D /* Resources */ = {
			isa = PBXResourcesBuildPhase;
			buildActionMask = 2147483647;
			files = (
				D231903824B8DF5B0048B41D /* LaunchScreen.storyboard in Resources */,
				D231903524B8DF5B0048B41D /* Preview Assets.xcassets in Resources */,
				D231903224B8DF5B0048B41D /* Assets.xcassets in Resources */,
			);
			runOnlyForDeploymentPostprocessing = 0;
		};
/* End PBXResourcesBuildPhase section */

/* Begin PBXSourcesBuildPhase section */
		D231902424B8DF5A0048B41D /* Sources */ = {
			isa = PBXSourcesBuildPhase;
			buildActionMask = 2147483647;
			files = (
				D231902C24B8DF5A0048B41D /* AppDelegate.swift in Sources */,
				D231902E24B8DF5A0048B41D /* SceneDelegate.swift in Sources */,
				D231903024B8DF5A0048B41D /* ContentView.swift in Sources */,
			);
			runOnlyForDeploymentPostprocessing = 0;
		};
/* End PBXSourcesBuildPhase section */

/* Begin PBXVariantGroup section */
		D231903624B8DF5B0048B41D /* LaunchScreen.storyboard */ = {
			isa = PBXVariantGroup;
			children = (
				D231903724B8DF5B0048B41D /* Base */,
			);
			name = LaunchScreen.storyboard;
			sourceTree = "<group>";
		};
/* End PBXVariantGroup section */

/* Begin XCBuildConfiguration section */
		D231903A24B8DF5B0048B41D /* Debug */ = {
			isa = XCBuildConfiguration;
			buildSettings = {
				ALWAYS_SEARCH_USER_PATHS = NO;
				CLANG_ANALYZER_NONNULL = YES;
				CLANG_ANALYZER_NUMBER_OBJECT_CONVERSION = YES_AGGRESSIVE;
				CLANG_CXX_LANGUAGE_STANDARD = "gnu++14";
				CLANG_CXX_LIBRARY = "libc++";
				CLANG_ENABLE_MODULES = YES;
				CLANG_ENABLE_OBJC_ARC = YES;
				CLANG_ENABLE_OBJC_WEAK = YES;
				CLANG_WARN_BLOCK_CAPTURE_AUTORELEASING = YES;
				CLANG_WARN_BOOL_CONVERSION = YES;
				CLANG_WARN_COMMA = YES;
				CLANG_WARN_CONSTANT_CONVERSION = YES;
				CLANG_WARN_DEPRECATED_OBJC_IMPLEMENTATIONS = YES;
				CLANG_WARN_DIRECT_OBJC_ISA_USAGE = YES_ERROR;
				CLANG_WARN_DOCUMENTATION_COMMENTS = YES;
				CLANG_WARN_EMPTY_BODY = YES;
				CLANG_WARN_ENUM_CONVERSION = YES;
				CLANG_WARN_INFINITE_RECURSION = YES;
				CLANG_WARN_INT_CONVERSION = YES;
				CLANG_WARN_NON_LITERAL_NULL_CONVERSION = YES;
				CLANG_WARN_OBJC_IMPLICIT_RETAIN_SELF = YES;
				CLANG_WARN_OBJC_LITERAL_CONVERSION = YES;
				CLANG_WARN_OBJC_ROOT_CLASS = YES_ERROR;
				CLANG_WARN_RANGE_LOOP_ANALYSIS = YES;
				CLANG_WARN_STRICT_PROTOTYPES = YES;
				CLANG_WARN_SUSPICIOUS_MOVE = YES;
				CLANG_WARN_UNGUARDED_AVAILABILITY = YES_AGGRESSIVE;
				CLANG_WARN_UNREACHABLE_CODE = YES;
				CLANG_WARN__DUPLICATE_METHOD_MATCH = YES;
				COPY_PHASE_STRIP = NO;
				DEBUG_INFORMATION_FORMAT = dwarf;
				ENABLE_STRICT_OBJC_MSGSEND = YES;
				ENABLE_TESTABILITY = YES;
				GCC_C_LANGUAGE_STANDARD = gnu11;
				GCC_DYNAMIC_NO_PIC = NO;
				GCC_NO_COMMON_BLOCKS = YES;
				GCC_OPTIMIZATION_LEVEL = 0;
				GCC_PREPROCESSOR_DEFINITIONS = (
					"DEBUG=1",
					"$(inherited)",
				);
				GCC_WARN_64_TO_32_BIT_CONVERSION = YES;
				GCC_WARN_ABOUT_RETURN_TYPE = YES_ERROR;
				GCC_WARN_UNDECLARED_SELECTOR = YES;
				GCC_WARN_UNINITIALIZED_AUTOS = YES_AGGRESSIVE;
				GCC_WARN_UNUSED_FUNCTION = YES;
				GCC_WARN_UNUSED_VARIABLE = YES;
				IPHONEOS_DEPLOYMENT_TARGET = 13.2;
				MTL_ENABLE_DEBUG_INFO = INCLUDE_SOURCE;
				MTL_FAST_MATH = YES;
				ONLY_ACTIVE_ARCH = YES;
				SDKROOT = iphoneos;
				SWIFT_ACTIVE_COMPILATION_CONDITIONS = DEBUG;
				SWIFT_OPTIMIZATION_LEVEL = "-Onone";
			};
			name = Debug;
		};
		D231903B24B8DF5B0048B41D /* Release */ = {
			isa = XCBuildConfiguration;
			buildSettings = {
				ALWAYS_SEARCH_USER_PATHS = NO;
				CLANG_ANALYZER_NONNULL = YES;
				CLANG_ANALYZER_NUMBER_OBJECT_CONVERSION = YES_AGGRESSIVE;
				CLANG_CXX_LANGUAGE_STANDARD = "gnu++14";
				CLANG_CXX_LIBRARY = "libc++";
				CLANG_ENABLE_MODULES = YES;
				CLANG_ENABLE_OBJC_ARC = YES;
				CLANG_ENABLE_OBJC_WEAK = YES;
				CLANG_WARN_BLOCK_CAPTURE_AUTORELEASING = YES;
				CLANG_WARN_BOOL_CONVERSION = YES;
				CLANG_WARN_COMMA = YES;
				CLANG_WARN_CONSTANT_CONVERSION = YES;
				CLANG_WARN_DEPRECATED_OBJC_IMPLEMENTATIONS = YES;
				CLANG_WARN_DIRECT_OBJC_ISA_USAGE = YES_ERROR;
				CLANG_WARN_DOCUMENTATION_COMMENTS = YES;
				CLANG_WARN_EMPTY_BODY = YES;
				CLANG_WARN_ENUM_CONVERSION = YES;
				CLANG_WARN_INFINITE_RECURSION = YES;
				CLANG_WARN_INT_CONVERSION = YES;
				CLANG_WARN_NON_LITERAL_NULL_CONVERSION = YES;
				CLANG_WARN_OBJC_IMPLICIT_RETAIN_SELF = YES;
				CLANG_WARN_OBJC_LITERAL_CONVERSION = YES;
				CLANG_WARN_OBJC_ROOT_CLASS = YES_ERROR;
				CLANG_WARN_RANGE_LOOP_ANALYSIS = YES;
				CLANG_WARN_STRICT_PROTOTYPES = YES;
				CLANG_WARN_SUSPICIOUS_MOVE = YES;
				CLANG_WARN_UNGUARDED_AVAILABILITY = YES_AGGRESSIVE;
				CLANG_WARN_UNREACHABLE_CODE = YES;
				CLANG_WARN__DUPLICATE_METHOD_MATCH = YES;
				COPY_PHASE_STRIP = NO;
				DEBUG_INFORMATION_FORMAT = "dwarf-with-dsym";
				ENABLE_NS_ASSERTIONS = NO;
				ENABLE_STRICT_OBJC_MSGSEND = YES;
				GCC_C_LANGUAGE_STANDARD = gnu11;
				GCC_NO_COMMON_BLOCKS = YES;
				GCC_WARN_64_TO_32_BIT_CONVERSION = YES;
				GCC_WARN_ABOUT_RETURN_TYPE = YES_ERROR;
				GCC_WARN_UNDECLARED_SELECTOR = YES;
				GCC_WARN_UNINITIALIZED_AUTOS = YES_AGGRESSIVE;
				GCC_WARN_UNUSED_FUNCTION = YES;
				GCC_WARN_UNUSED_VARIABLE = YES;
				IPHONEOS_DEPLOYMENT_TARGET = 13.2;
				MTL_ENABLE_DEBUG_INFO = NO;
				MTL_FAST_MATH = YES;
				SDKROOT = iphoneos;
				SWIFT_COMPILATION_MODE = wholemodule;
				SWIFT_OPTIMIZATION_LEVEL = "-O";
				VALIDATE_PRODUCT = YES;
			};
			name = Release;
		};
		D231903D24B8DF5B0048B41D /* Debug */ = {
			isa = XCBuildConfiguration;
			buildSettings = {
				ASSETCATALOG_COMPILER_APPICON_NAME = AppIcon;
				CODE_SIGN_STYLE = Automatic;
				DEVELOPMENT_ASSET_PATHS = "\"Guess the Country/Preview Content\"";
				DEVELOPMENT_TEAM = 267NNSDTBG;
				ENABLE_PREVIEWS = YES;
				INFOPLIST_FILE = "Guess the Country/Info.plist";
				LD_RUNPATH_SEARCH_PATHS = (
					"$(inherited)",
					"@executable_path/Frameworks",
				);
				PRODUCT_BUNDLE_IDENTIFIER = "surya.Guess-the-Country";
				PRODUCT_NAME = "$(TARGET_NAME)";
				SWIFT_VERSION = 5.0;
				TARGETED_DEVICE_FAMILY = "1,2";
			};
			name = Debug;
		};
		D231903E24B8DF5B0048B41D /* Release */ = {
			isa = XCBuildConfiguration;
			buildSettings = {
				ASSETCATALOG_COMPILER_APPICON_NAME = AppIcon;
				CODE_SIGN_STYLE = Automatic;
				DEVELOPMENT_ASSET_PATHS = "\"Guess the Country/Preview Content\"";
				DEVELOPMENT_TEAM = 267NNSDTBG;
				ENABLE_PREVIEWS = YES;
				INFOPLIST_FILE = "Guess the Country/Info.plist";
				LD_RUNPATH_SEARCH_PATHS = (
					"$(inherited)",
					"@executable_path/Frameworks",
				);
				PRODUCT_BUNDLE_IDENTIFIER = "surya.Guess-the-Country";
				PRODUCT_NAME = "$(TARGET_NAME)";
				SWIFT_VERSION = 5.0;
				TARGETED_DEVICE_FAMILY = "1,2";
			};
			name = Release;
		};
/* End XCBuildConfiguration section */

/* Begin XCConfigurationList section */
		D231902324B8DF5A0048B41D /* Build configuration list for PBXProject "Guess the Country" */ = {
			isa = XCConfigurationList;
			buildConfigurations = (
				D231903A24B8DF5B0048B41D /* Debug */,
				D231903B24B8DF5B0048B41D /* Release */,
			);
			defaultConfigurationIsVisible = 0;
			defaultConfigurationName = Release;
		};
		D231903C24B8DF5B0048B41D /* Build configuration list for PBXNativeTarget "Guess the Country" */ = {
			isa = XCConfigurationList;
			buildConfigurations = (
				D231903D24B8DF5B0048B41D /* Debug */,
				D231903E24B8DF5B0048B41D /* Release */,
			);
			defaultConfigurationIsVisible = 0;
			defaultConfigurationName = Release;
		};
/* End XCConfigurationList section */
	};
	rootObject = D231902024B8DF5A0048B41D /* Project object */;
}
